// !$*UTF8*$!
{
	archiveVersion = 1;
	classes = {
	};
	objectVersion = 46;
	objects = {

/* Begin PBXBuildFile section */
		0002395719D5FE4B000B3387 /* complex.swift in Sources */ = {isa = PBXBuildFile; fileRef = 0002395619D5FE4B000B3387 /* complex.swift */; };
		0005077D1A2E182400AF55C1 /* fibonacci.swift in Sources */ = {isa = PBXBuildFile; fileRef = 0005077C1A2E182400AF55C1 /* fibonacci.swift */; };
		004F806419D0BF1F0054E320 /* main.swift in Sources */ = {isa = PBXBuildFile; fileRef = 004F806319D0BF1F0054E320 /* main.swift */; };
		004F806D19D0BFB40054E320 /* mandelbrot.swift in Sources */ = {isa = PBXBuildFile; fileRef = 004F806C19D0BFB40054E320 /* mandelbrot.swift */; };
		004F806F19D0C10A0054E320 /* workload.swift in Sources */ = {isa = PBXBuildFile; fileRef = 004F806E19D0C10A0054E320 /* workload.swift */; };
		004F807119D0CB3B0054E320 /* workloadResult.swift in Sources */ = {isa = PBXBuildFile; fileRef = 004F807019D0CB3B0054E320 /* workloadResult.swift */; };
		00633B8419D32504002A1388 /* timer.swift in Sources */ = {isa = PBXBuildFile; fileRef = 00633B8319D32504002A1388 /* timer.swift */; };
		00D6F5C819D20652007A19E5 /* workloadUnits.swift in Sources */ = {isa = PBXBuildFile; fileRef = 00D6F5C719D20652007A19E5 /* workloadUnits.swift */; };
		00D6F5CA19D2194F007A19E5 /* gemm.swift in Sources */ = {isa = PBXBuildFile; fileRef = 00D6F5C919D2194F007A19E5 /* gemm.swift */; };
		00DB67E11A2E741200A986DD /* fft.swift in Sources */ = {isa = PBXBuildFile; fileRef = 00DB67E01A2E741200A986DD /* fft.swift */; };
/* End PBXBuildFile section */

/* Begin PBXCopyFilesBuildPhase section */
		004F805E19D0BF1F0054E320 /* CopyFiles */ = {
			isa = PBXCopyFilesBuildPhase;
			buildActionMask = 2147483647;
			dstPath = /usr/share/man/man1/;
			dstSubfolderSpec = 0;
			files = (
			);
			runOnlyForDeploymentPostprocessing = 1;
		};
/* End PBXCopyFilesBuildPhase section */

/* Begin PBXFileReference section */
		0002395619D5FE4B000B3387 /* complex.swift */ = {isa = PBXFileReference; fileEncoding = 4; lastKnownFileType = sourcecode.swift; path = complex.swift; sourceTree = "<group>"; };
		0005077C1A2E182400AF55C1 /* fibonacci.swift */ = {isa = PBXFileReference; fileEncoding = 4; lastKnownFileType = sourcecode.swift; path = fibonacci.swift; sourceTree = "<group>"; };
		004F806019D0BF1F0054E320 /* GeekbenchSwift */ = {isa = PBXFileReference; explicitFileType = "compiled.mach-o.executable"; includeInIndex = 0; path = GeekbenchSwift; sourceTree = BUILT_PRODUCTS_DIR; };
		004F806319D0BF1F0054E320 /* main.swift */ = {isa = PBXFileReference; lastKnownFileType = sourcecode.swift; path = main.swift; sourceTree = "<group>"; };
		004F806C19D0BFB40054E320 /* mandelbrot.swift */ = {isa = PBXFileReference; fileEncoding = 4; lastKnownFileType = sourcecode.swift; path = mandelbrot.swift; sourceTree = "<group>"; };
		004F806E19D0C10A0054E320 /* workload.swift */ = {isa = PBXFileReference; fileEncoding = 4; lastKnownFileType = sourcecode.swift; path = workload.swift; sourceTree = "<group>"; };
		004F807019D0CB3B0054E320 /* workloadResult.swift */ = {isa = PBXFileReference; fileEncoding = 4; lastKnownFileType = sourcecode.swift; path = workloadResult.swift; sourceTree = "<group>"; };
		00633B8319D32504002A1388 /* timer.swift */ = {isa = PBXFileReference; fileEncoding = 4; lastKnownFileType = sourcecode.swift; path = timer.swift; sourceTree = "<group>"; };
		00D6F5C719D20652007A19E5 /* workloadUnits.swift */ = {isa = PBXFileReference; fileEncoding = 4; lastKnownFileType = sourcecode.swift; path = workloadUnits.swift; sourceTree = "<group>"; };
		00D6F5C919D2194F007A19E5 /* gemm.swift */ = {isa = PBXFileReference; fileEncoding = 4; lastKnownFileType = sourcecode.swift; path = gemm.swift; sourceTree = "<group>"; };
		00DB67E01A2E741200A986DD /* fft.swift */ = {isa = PBXFileReference; fileEncoding = 4; lastKnownFileType = sourcecode.swift; path = fft.swift; sourceTree = "<group>"; };
		189F37C81BE1A4D1007874EC /* ReadMe */ = {isa = PBXFileReference; lastKnownFileType = text; path = ReadMe; sourceTree = "<group>"; };
/* End PBXFileReference section */

/* Begin PBXFrameworksBuildPhase section */
		004F805D19D0BF1F0054E320 /* Frameworks */ = {
			isa = PBXFrameworksBuildPhase;
			buildActionMask = 2147483647;
			files = (
			);
			runOnlyForDeploymentPostprocessing = 0;
		};
/* End PBXFrameworksBuildPhase section */

/* Begin PBXGroup section */
		004F805719D0BF1F0054E320 = {
			isa = PBXGroup;
			children = (
				189F37C81BE1A4D1007874EC /* ReadMe */,
				004F806219D0BF1F0054E320 /* GeekbenchSwift */,
				004F806119D0BF1F0054E320 /* Products */,
			);
			sourceTree = "<group>";
		};
		004F806119D0BF1F0054E320 /* Products */ = {
			isa = PBXGroup;
			children = (
				004F806019D0BF1F0054E320 /* GeekbenchSwift */,
			);
			name = Products;
			sourceTree = "<group>";
		};
		004F806219D0BF1F0054E320 /* GeekbenchSwift */ = {
			isa = PBXGroup;
			children = (
				004F806319D0BF1F0054E320 /* main.swift */,
				004F806C19D0BFB40054E320 /* mandelbrot.swift */,
				004F806E19D0C10A0054E320 /* workload.swift */,
				004F807019D0CB3B0054E320 /* workloadResult.swift */,
				00DB67E01A2E741200A986DD /* fft.swift */,
				00D6F5C719D20652007A19E5 /* workloadUnits.swift */,
				00D6F5C919D2194F007A19E5 /* gemm.swift */,
				00633B8319D32504002A1388 /* timer.swift */,
				0002395619D5FE4B000B3387 /* complex.swift */,
				0005077C1A2E182400AF55C1 /* fibonacci.swift */,
			);
			path = GeekbenchSwift;
			sourceTree = "<group>";
		};
/* End PBXGroup section */

/* Begin PBXNativeTarget section */
		004F805F19D0BF1F0054E320 /* GeekbenchSwift */ = {
			isa = PBXNativeTarget;
			buildConfigurationList = 004F806719D0BF1F0054E320 /* Build configuration list for PBXNativeTarget "GeekbenchSwift" */;
			buildPhases = (
				004F805C19D0BF1F0054E320 /* Sources */,
				004F805D19D0BF1F0054E320 /* Frameworks */,
				004F805E19D0BF1F0054E320 /* CopyFiles */,
			);
			buildRules = (
			);
			dependencies = (
			);
			name = GeekbenchSwift;
			productName = GeekbenchSwift;
			productReference = 004F806019D0BF1F0054E320 /* GeekbenchSwift */;
			productType = "com.apple.product-type.tool";
		};
/* End PBXNativeTarget section */

/* Begin PBXProject section */
		004F805819D0BF1F0054E320 /* Project object */ = {
			isa = PBXProject;
			attributes = {
				LastSwiftMigration = 0710;
				LastSwiftUpdateCheck = 0710;
				LastUpgradeCheck = 0710;
				ORGANIZATIONNAME = "Primate Labs";
				TargetAttributes = {
					004F805F19D0BF1F0054E320 = {
						CreatedOnToolsVersion = 6.1;
					};
				};
			};
			buildConfigurationList = 004F805B19D0BF1F0054E320 /* Build configuration list for PBXProject "GeekbenchSwift" */;
			compatibilityVersion = "Xcode 3.2";
			developmentRegion = English;
			hasScannedForEncodings = 0;
			knownRegions = (
				en,
			);
			mainGroup = 004F805719D0BF1F0054E320;
			productRefGroup = 004F806119D0BF1F0054E320 /* Products */;
			projectDirPath = "";
			projectRoot = "";
			targets = (
				004F805F19D0BF1F0054E320 /* GeekbenchSwift */,
			);
		};
/* End PBXProject section */

/* Begin PBXSourcesBuildPhase section */
		004F805C19D0BF1F0054E320 /* Sources */ = {
			isa = PBXSourcesBuildPhase;
			buildActionMask = 2147483647;
			files = (
				00DB67E11A2E741200A986DD /* fft.swift in Sources */,
				004F806419D0BF1F0054E320 /* main.swift in Sources */,
				00D6F5CA19D2194F007A19E5 /* gemm.swift in Sources */,
				004F807119D0CB3B0054E320 /* workloadResult.swift in Sources */,
				0002395719D5FE4B000B3387 /* complex.swift in Sources */,
				004F806F19D0C10A0054E320 /* workload.swift in Sources */,
				00D6F5C819D20652007A19E5 /* workloadUnits.swift in Sources */,
				00633B8419D32504002A1388 /* timer.swift in Sources */,
				004F806D19D0BFB40054E320 /* mandelbrot.swift in Sources */,
				0005077D1A2E182400AF55C1 /* fibonacci.swift in Sources */,
			);
			runOnlyForDeploymentPostprocessing = 0;
		};
/* End PBXSourcesBuildPhase section */

/* Begin XCBuildConfiguration section */
		004F806519D0BF1F0054E320 /* Debug */ = {
			isa = XCBuildConfiguration;
			buildSettings = {
				ALWAYS_SEARCH_USER_PATHS = NO;
				CLANG_CXX_LANGUAGE_STANDARD = "gnu++0x";
				CLANG_CXX_LIBRARY = "libc++";
				CLANG_ENABLE_MODULES = YES;
				CLANG_ENABLE_OBJC_ARC = YES;
				CLANG_WARN_BOOL_CONVERSION = YES;
				CLANG_WARN_CONSTANT_CONVERSION = YES;
				CLANG_WARN_DIRECT_OBJC_ISA_USAGE = YES_ERROR;
				CLANG_WARN_EMPTY_BODY = YES;
				CLANG_WARN_ENUM_CONVERSION = YES;
				CLANG_WARN_INT_CONVERSION = YES;
				CLANG_WARN_OBJC_ROOT_CLASS = YES_ERROR;
				CLANG_WARN_UNREACHABLE_CODE = YES;
				CLANG_WARN__DUPLICATE_METHOD_MATCH = YES;
				CLANG_X86_VECTOR_INSTRUCTIONS = sse4.2;
				COPY_PHASE_STRIP = NO;
				ENABLE_STRICT_OBJC_MSGSEND = YES;
				GCC_C_LANGUAGE_STANDARD = gnu99;
				GCC_DYNAMIC_NO_PIC = NO;
				GCC_OPTIMIZATION_LEVEL = 0;
				GCC_PREPROCESSOR_DEFINITIONS = (
					"DEBUG=1",
					"$(inherited)",
				);
				GCC_SYMBOLS_PRIVATE_EXTERN = NO;
				GCC_UNROLL_LOOPS = YES;
				GCC_WARN_64_TO_32_BIT_CONVERSION = YES;
				GCC_WARN_ABOUT_RETURN_TYPE = YES_ERROR;
				GCC_WARN_UNDECLARED_SELECTOR = YES;
				GCC_WARN_UNINITIALIZED_AUTOS = YES_AGGRESSIVE;
				GCC_WARN_UNUSED_FUNCTION = YES;
				GCC_WARN_UNUSED_VARIABLE = YES;
				LLVM_LTO = NO;
				MACOSX_DEPLOYMENT_TARGET = 10.9;
				MTL_ENABLE_DEBUG_INFO = YES;
				ONLY_ACTIVE_ARCH = YES;
				SDKROOT = macosx;
				SWIFT_OPTIMIZATION_LEVEL = "-Ounchecked";
			};
			name = Debug;
		};
		004F806619D0BF1F0054E320 /* Release */ = {
			isa = XCBuildConfiguration;
			buildSettings = {
				ALWAYS_SEARCH_USER_PATHS = NO;
				CLANG_CXX_LANGUAGE_STANDARD = "gnu++0x";
				CLANG_CXX_LIBRARY = "libc++";
				CLANG_ENABLE_MODULES = YES;
				CLANG_ENABLE_OBJC_ARC = YES;
				CLANG_WARN_BOOL_CONVERSION = YES;
				CLANG_WARN_CONSTANT_CONVERSION = YES;
				CLANG_WARN_DIRECT_OBJC_ISA_USAGE = YES_ERROR;
				CLANG_WARN_EMPTY_BODY = YES;
				CLANG_WARN_ENUM_CONVERSION = YES;
				CLANG_WARN_INT_CONVERSION = YES;
				CLANG_WARN_OBJC_ROOT_CLASS = YES_ERROR;
				CLANG_WARN_UNREACHABLE_CODE = YES;
				CLANG_WARN__DUPLICATE_METHOD_MATCH = YES;
				CLANG_X86_VECTOR_INSTRUCTIONS = sse4.2;
				COPY_PHASE_STRIP = YES;
				DEBUG_INFORMATION_FORMAT = "dwarf-with-dsym";
				ENABLE_NS_ASSERTIONS = NO;
				ENABLE_STRICT_OBJC_MSGSEND = YES;
				GCC_C_LANGUAGE_STANDARD = gnu99;
				GCC_OPTIMIZATION_LEVEL = fast;
				GCC_UNROLL_LOOPS = YES;
				GCC_WARN_64_TO_32_BIT_CONVERSION = YES;
				GCC_WARN_ABOUT_RETURN_TYPE = YES_ERROR;
				GCC_WARN_UNDECLARED_SELECTOR = YES;
				GCC_WARN_UNINITIALIZED_AUTOS = YES_AGGRESSIVE;
				GCC_WARN_UNUSED_FUNCTION = YES;
				GCC_WARN_UNUSED_VARIABLE = YES;
				LLVM_LTO = NO;
				MACOSX_DEPLOYMENT_TARGET = 10.9;
				MTL_ENABLE_DEBUG_INFO = NO;
				ONLY_ACTIVE_ARCH = YES;
				SDKROOT = macosx;
				SWIFT_OPTIMIZATION_LEVEL = "-Ounchecked";
			};
			name = Release;
		};
		004F806819D0BF1F0054E320 /* Debug */ = {
			isa = XCBuildConfiguration;
			buildSettings = {
				CLANG_USE_OPTIMIZATION_PROFILE = YES;
				PRODUCT_NAME = "$(TARGET_NAME)";
			};
			name = Debug;
		};
		004F806919D0BF1F0054E320 /* Release */ = {
			isa = XCBuildConfiguration;
			buildSettings = {
				CLANG_USE_OPTIMIZATION_PROFILE = YES;
				PRODUCT_NAME = "$(TARGET_NAME)";
			};
			name = Release;
		};
/* End XCBuildConfiguration section */

/* Begin XCConfigurationList section */
		004F805B19D0BF1F0054E320 /* Build configuration list for PBXProject "GeekbenchSwift" */ = {
			isa = XCConfigurationList;
			buildConfigurations = (
				004F806519D0BF1F0054E320 /* Debug */,
				004F806619D0BF1F0054E320 /* Release */,
			);
			defaultConfigurationIsVisible = 0;
			defaultConfigurationName = Release;
		};
		004F806719D0BF1F0054E320 /* Build configuration list for PBXNativeTarget "GeekbenchSwift" */ = {
			isa = XCConfigurationList;
			buildConfigurations = (
				004F806819D0BF1F0054E320 /* Debug */,
				004F806919D0BF1F0054E320 /* Release */,
			);
			defaultConfigurationIsVisible = 0;
			defaultConfigurationName = Release;
		};
/* End XCConfigurationList section */
	};
	rootObject = 004F805819D0BF1F0054E320 /* Project object */;
}
